{
  "name": "TechZone.Web",
  "lockfileVersion": 3,
  "requires": true,
  "packages": {
    "": {
      "devDependencies": {
        "@fortawesome/fontawesome-common-types": "^6.3.0"
      }
    },
    "node_modules/@fortawesome/fontawesome-common-types": {
      "version": "6.3.0",
      "resolved": "https://registry.npmjs.org/@fortawesome/fontawesome-common-types/-/fontawesome-common-types-6.3.0.tgz",
      "integrity": "sha512-4BC1NMoacEBzSXRwKjZ/X/gmnbp/HU5Qqat7E8xqorUtBFZS+bwfGH5/wqOC2K6GV0rgEobp3OjGRMa5fK9pFg==",
      "dev": true,
      "hasInstallScript": true,
      "engines": {
        "node": ">=6"
      }
    }
  }
}
